{
  "name": "ags",
  "lockfileVersion": 3,
  "requires": true,
  "packages": {
    "": {
      "dependencies": {
        "@girs/gdk-4.0": "^4.0.0-4.0.0-beta.25",
        "ags": "*"
      }
    },
    "../../../../usr/share/ags/js": {
      "name": "ags",
      "version": "3.0.0",
      "license": "LGPL-2.1",
      "os": [
        "linux"
      ],
      "devDependencies": {
        "@eslint/js": "latest",
        "eslint": "latest",
        "typescript": "latest",
        "typescript-eslint": "latest"
      },
      "engines": {
        "gjs": ">=1.79.0"
      },
      "funding": {
        "type": "kofi",
        "url": "https://ko-fi.com/aylur"
      }
    },
    "node_modules/@girs/cairo-1.0": {
      "version": "1.0.0-4.0.0-beta.25",
      "resolved": "https://registry.npmjs.org/@girs/cairo-1.0/-/cairo-1.0-1.0.0-4.0.0-beta.25.tgz",
      "integrity": "sha512-gg892WthDi8uwfyPYMqGQ0P2PEPO0R0L88Vr/wiiKzDtKAoiW0G9Mu81edTc2yK0Q1CFf7toE7HWPOfkNilztA==",
      "license": "MIT",
      "dependencies": {
        "@girs/gjs": "^4.0.0-beta.25",
        "@girs/glib-2.0": "^2.84.2-4.0.0-beta.25",
        "@girs/gobject-2.0": "^2.84.2-4.0.0-beta.25"
      }
    },
    "node_modules/@girs/freetype2-2.0": {
      "version": "2.0.0-4.0.0-beta.25",
      "resolved": "https://registry.npmjs.org/@girs/freetype2-2.0/-/freetype2-2.0-2.0.0-4.0.0-beta.25.tgz",
      "integrity": "sha512-QubZF7yZDbhEZv/f83leMjiupjrSSvVcPuP3l3O1dpQj/cmERW5+XpZ0PXoDtOWASuE8keiRjGocXOEMd692Vg==",
      "license": "MIT",
      "dependencies": {
        "@girs/gjs": "^4.0.0-beta.25",
        "@girs/gobject-2.0": "^2.84.2-4.0.0-beta.25"
      }
    },
    "node_modules/@girs/gdk-4.0": {
      "version": "4.0.0-4.0.0-beta.25",
      "resolved": "https://registry.npmjs.org/@girs/gdk-4.0/-/gdk-4.0-4.0.0-4.0.0-beta.25.tgz",
      "integrity": "sha512-Cx4pODfpZD4NeOD3GvWmdsGtOvgYcKqkRhvObktNePMKIJDtpoLha/Zcuq8RkwHtTHxXkj67qmn/SrfMCU6DRA==",
      "license": "MIT",
      "dependencies": {
        "@girs/cairo-1.0": "^1.0.0-4.0.0-beta.25",
        "@girs/freetype2-2.0": "^2.0.0-4.0.0-beta.25",
        "@girs/gdkpixbuf-2.0": "^2.0.0-4.0.0-beta.25",
        "@girs/gio-2.0": "^2.84.2-4.0.0-beta.25",
        "@girs/gjs": "^4.0.0-beta.25",
        "@girs/glib-2.0": "^2.84.2-4.0.0-beta.25",
        "@girs/gmodule-2.0": "^2.0.0-4.0.0-beta.25",
        "@girs/gobject-2.0": "^2.84.2-4.0.0-beta.25",
        "@girs/harfbuzz-0.0": "^10.4.0-4.0.0-beta.25",
        "@girs/pango-1.0": "^1.56.4-4.0.0-beta.25",
        "@girs/pangocairo-1.0": "^1.0.0-4.0.0-beta.25"
      }
    },
    "node_modules/@girs/gdkpixbuf-2.0": {
      "version": "2.0.0-4.0.0-beta.25",
      "resolved": "https://registry.npmjs.org/@girs/gdkpixbuf-2.0/-/gdkpixbuf-2.0-2.0.0-4.0.0-beta.25.tgz",
      "integrity": "sha512-SkKxi4ytXjiCiD6+74wqaZM3gTf0FPc0edhU2+womp4T9FZSvbJ4/FC1/2jSYip3Q39eSxUVBszyoE3oTgvHjg==",
      "license": "MIT",
      "dependencies": {
        "@girs/gio-2.0": "^2.84.2-4.0.0-beta.25",
        "@girs/gjs": "^4.0.0-beta.25",
        "@girs/glib-2.0": "^2.84.2-4.0.0-beta.25",
        "@girs/gmodule-2.0": "^2.0.0-4.0.0-beta.25",
        "@girs/gobject-2.0": "^2.84.2-4.0.0-beta.25"
      }
    },
    "node_modules/@girs/gio-2.0": {
      "version": "2.84.2-4.0.0-beta.25",
      "resolved": "https://registry.npmjs.org/@girs/gio-2.0/-/gio-2.0-2.84.2-4.0.0-beta.25.tgz",
      "integrity": "sha512-2iJXJbHX4q2/ZHFyAH/oStPnwlLfyxNPwDX3ouzWGiwTnO4FOPOzW+9CltWD/IOF2I3luLUW5Bk3Y+WbBR8RSA==",
      "license": "MIT",
      "dependencies": {
        "@girs/gjs": "^4.0.0-beta.25",
        "@girs/glib-2.0": "^2.84.2-4.0.0-beta.25",
        "@girs/gmodule-2.0": "^2.0.0-4.0.0-beta.25",
        "@girs/gobject-2.0": "^2.84.2-4.0.0-beta.25"
      }
    },
    "node_modules/@girs/gjs": {
      "version": "4.0.0-beta.25",
      "resolved": "https://registry.npmjs.org/@girs/gjs/-/gjs-4.0.0-beta.25.tgz",
      "integrity": "sha512-7m3copHTTWcc6XyKsCY0xwzZKDer8kzfnfVAptYisXat25GuWT6hsoZdbXJ26sqlnk0w/Tpxmeqd18aYLYRdGA==",
      "license": "MIT",
      "dependencies": {
        "@girs/cairo-1.0": "^1.0.0-4.0.0-beta.25",
        "@girs/gio-2.0": "^2.84.2-4.0.0-beta.25",
        "@girs/glib-2.0": "^2.84.2-4.0.0-beta.25",
        "@girs/gobject-2.0": "^2.84.2-4.0.0-beta.25"
      }
    },
    "node_modules/@girs/glib-2.0": {
      "version": "2.84.2-4.0.0-beta.25",
      "resolved": "https://registry.npmjs.org/@girs/glib-2.0/-/glib-2.0-2.84.2-4.0.0-beta.25.tgz",
      "integrity": "sha512-4G8Ai2jh8bqiHa5Dd4MqU3m1JNyMxa0TudMaZrL67Z1/QOGFPg/75luVtIvCD+j4fwaMlfLHaBGJJ+1dFklCpw==",
      "license": "MIT",
      "dependencies": {
        "@girs/gjs": "^4.0.0-beta.25",
        "@girs/gobject-2.0": "^2.84.2-4.0.0-beta.25"
      }
    },
    "node_modules/@girs/gmodule-2.0": {
      "version": "2.0.0-4.0.0-beta.25",
      "resolved": "https://registry.npmjs.org/@girs/gmodule-2.0/-/gmodule-2.0-2.0.0-4.0.0-beta.25.tgz",
      "integrity": "sha512-RiZ1LhVN2EbPnqb7Ed4DVhPF5ZDfvKrEaHfxBiAsBU7knf8FUKKOGwOKvH2tQ36JYnvTNACQkm+xcPSIYIkwsQ==",
      "license": "MIT",
      "dependencies": {
        "@girs/gjs": "^4.0.0-beta.25",
        "@girs/glib-2.0": "^2.84.2-4.0.0-beta.25",
        "@girs/gobject-2.0": "^2.84.2-4.0.0-beta.25"
      }
    },
    "node_modules/@girs/gobject-2.0": {
      "version": "2.84.2-4.0.0-beta.25",
      "resolved": "https://registry.npmjs.org/@girs/gobject-2.0/-/gobject-2.0-2.84.2-4.0.0-beta.25.tgz",
      "integrity": "sha512-5CHEq2Rw9hCHYmxhWQQLR0eJlqWhO9MpbJkr1rHrPqM00i9t9n701de1daFXubi9DUwsqw73F+36A2UDkTC5sw==",
      "license": "MIT",
      "dependencies": {
        "@girs/gjs": "^4.0.0-beta.25",
        "@girs/glib-2.0": "^2.84.2-4.0.0-beta.25"
      }
    },
    "node_modules/@girs/harfbuzz-0.0": {
      "version": "10.4.0-4.0.0-beta.25",
      "resolved": "https://registry.npmjs.org/@girs/harfbuzz-0.0/-/harfbuzz-0.0-10.4.0-4.0.0-beta.25.tgz",
      "integrity": "sha512-0fJFZeBLeiMz03MFVx6uRiNGTXKTYP0Js0WqHYEmwi8eYc3/rvT6wOnxK+4mDSUfplvhS6J6QfNSQYKhA2p6Sw==",
      "license": "MIT",
      "dependencies": {
        "@girs/freetype2-2.0": "^2.0.0-4.0.0-beta.25",
        "@girs/gjs": "^4.0.0-beta.25",
        "@girs/glib-2.0": "^2.84.2-4.0.0-beta.25",
        "@girs/gobject-2.0": "^2.84.2-4.0.0-beta.25"
      }
    },
    "node_modules/@girs/pango-1.0": {
      "version": "1.56.4-4.0.0-beta.25",
      "resolved": "https://registry.npmjs.org/@girs/pango-1.0/-/pango-1.0-1.56.4-4.0.0-beta.25.tgz",
      "integrity": "sha512-/lsPuVOPO/muGV97oFk9cv0xnfqS2qIPweSY8Y50Yqwb013tXNx9+23Bvf7AdEPFAOUbP3CK6fwKoyuSOnz1mQ==",
      "license": "MIT",
      "dependencies": {
        "@girs/cairo-1.0": "^1.0.0-4.0.0-beta.25",
        "@girs/freetype2-2.0": "^2.0.0-4.0.0-beta.25",
        "@girs/gio-2.0": "^2.84.2-4.0.0-beta.25",
        "@girs/gjs": "^4.0.0-beta.25",
        "@girs/glib-2.0": "^2.84.2-4.0.0-beta.25",
        "@girs/gmodule-2.0": "^2.0.0-4.0.0-beta.25",
        "@girs/gobject-2.0": "^2.84.2-4.0.0-beta.25",
        "@girs/harfbuzz-0.0": "^10.4.0-4.0.0-beta.25"
      }
    },
    "node_modules/@girs/pangocairo-1.0": {
      "version": "1.0.0-4.0.0-beta.25",
      "resolved": "https://registry.npmjs.org/@girs/pangocairo-1.0/-/pangocairo-1.0-1.0.0-4.0.0-beta.25.tgz",
      "integrity": "sha512-xMcPb4AG4wYB6Z12i6v+9SmY21GLtilyKQiKBjXAXHZWprv1xZRT7bH+VyujoA8ZFcfm6vLvslw1SFVUTFCyrQ==",
      "license": "MIT",
      "dependencies": {
        "@girs/cairo-1.0": "^1.0.0-4.0.0-beta.25",
        "@girs/freetype2-2.0": "^2.0.0-4.0.0-beta.25",
        "@girs/gio-2.0": "^2.84.2-4.0.0-beta.25",
        "@girs/gjs": "^4.0.0-beta.25",
        "@girs/glib-2.0": "^2.84.2-4.0.0-beta.25",
        "@girs/gmodule-2.0": "^2.0.0-4.0.0-beta.25",
        "@girs/gobject-2.0": "^2.84.2-4.0.0-beta.25",
        "@girs/harfbuzz-0.0": "^10.4.0-4.0.0-beta.25",
        "@girs/pango-1.0": "^1.56.4-4.0.0-beta.25"
      }
    },
    "node_modules/ags": {
      "resolved": "../../../../usr/share/ags/js",
      "link": true
    }
  }
}
